
Microsoft Visual Studio Solution File, Format Version 12.00
# Visual Studio 15
VisualStudioVersion = 15.0.28307.1340
MinimumVisualStudioVersion = 10.0.40219.1
Project("{FAE04EC0-301F-11D3-BF4B-00C04F79EFBC}") = "Day 4, Homework 5", "Day 4, Homework 5\Day 4, Homework 5.csproj", "{D3F338B6-98D5-45CA-8CE9-DC7433DBA73E}"
EndProject
Global
	GlobalSection(SolutionConfigurationPlatforms) = preSolution
		Debug|Any CPU = Debug|Any CPU
		Release|Any CPU = Release|Any CPU
	EndGlobalSection
	GlobalSection(ProjectConfigurationPlatforms) = postSolution
		{D3F338B6-98D5-45CA-8CE9-DC7433DBA73E}.Debug|Any CPU.ActiveCfg = Debug|Any CPU
		{D3F338B6-98D5-45CA-8CE9-DC7433DBA73E}.Debug|Any CPU.Build.0 = Debug|Any CPU
		{D3F338B6-98D5-45CA-8CE9-DC7433DBA73E}.Release|Any CPU.ActiveCfg = Release|Any CPU
		{D3F338B6-98D5-45CA-8CE9-DC7433DBA73E}.Release|Any CPU.Build.0 = Release|Any CPU
	EndGlobalSection
	GlobalSection(SolutionProperties) = preSolution
		HideSolutionNode = FALSE
	EndGlobalSection
	GlobalSection(ExtensibilityGlobals) = postSolution
		SolutionGuid = {A7507473-1E00-4FCC-A932-E10F61BA9EBD}
	EndGlobalSection
EndGlobal
